
Microsoft Visual Studio Solution File, Format Version 12.00
# Visual Studio Version 17
VisualStudioVersion = 17.12.35506.116 d17.12
MinimumVisualStudioVersion = 10.0.40219.1
Project("{FAE04EC0-301F-11D3-BF4B-00C04F79EFBC}") = "msfs_external_wings_level", "msfs_external_wings_level.csproj", "{8EAF1945-2F3B-469A-8611-D240DDA0FB76}"
EndProject
Global
	GlobalSection(SolutionConfigurationPlatforms) = preSolution
		Debug|Any CPU = Debug|Any CPU
		Release|Any CPU = Release|Any CPU
	EndGlobalSection
	GlobalSection(ProjectConfigurationPlatforms) = postSolution
		{8EAF1945-2F3B-469A-8611-D240DDA0FB76}.Debug|Any CPU.ActiveCfg = Debug|Any CPU
		{8EAF1945-2F3B-469A-8611-D240DDA0FB76}.Debug|Any CPU.Build.0 = Debug|Any CPU
		{8EAF1945-2F3B-469A-8611-D240DDA0FB76}.Release|Any CPU.ActiveCfg = Release|Any CPU
		{8EAF1945-2F3B-469A-8611-D240DDA0FB76}.Release|Any CPU.Build.0 = Release|Any CPU
	EndGlobalSection
	GlobalSection(SolutionProperties) = preSolution
		HideSolutionNode = FALSE
	EndGlobalSection
EndGlobal
